
Microsoft Visual Studio Solution File, Format Version 12.00
# Visual Studio Version 17
VisualStudioVersion = 17.11.35303.130
MinimumVisualStudioVersion = 10.0.40219.1
Project("{FAE04EC0-301F-11D3-BF4B-00C04F79EFBC}") = "ODataAPI", "ODataAPI\ODataAPI.csproj", "{044A00EF-398B-403E-90E6-0BAE1E525636}"
EndProject
Project("{FAE04EC0-301F-11D3-BF4B-00C04F79EFBC}") = "ODataWebClient", "ODataWebClient\ODataWebClient.csproj", "{94AD894E-BE9B-4BAC-80BF-4D1FAFA8B5E4}"
EndProject
Global
	GlobalSection(SolutionConfigurationPlatforms) = preSolution
		Debug|Any CPU = Debug|Any CPU
		Release|Any CPU = Release|Any CPU
	EndGlobalSection
	GlobalSection(ProjectConfigurationPlatforms) = postSolution
		{044A00EF-398B-403E-90E6-0BAE1E525636}.Debug|Any CPU.ActiveCfg = Debug|Any CPU
		{044A00EF-398B-403E-90E6-0BAE1E525636}.Debug|Any CPU.Build.0 = Debug|Any CPU
		{044A00EF-398B-403E-90E6-0BAE1E525636}.Release|Any CPU.ActiveCfg = Release|Any CPU
		{044A00EF-398B-403E-90E6-0BAE1E525636}.Release|Any CPU.Build.0 = Release|Any CPU
		{94AD894E-BE9B-4BAC-80BF-4D1FAFA8B5E4}.Debug|Any CPU.ActiveCfg = Debug|Any CPU
		{94AD894E-BE9B-4BAC-80BF-4D1FAFA8B5E4}.Debug|Any CPU.Build.0 = Debug|Any CPU
		{94AD894E-BE9B-4BAC-80BF-4D1FAFA8B5E4}.Release|Any CPU.ActiveCfg = Release|Any CPU
		{94AD894E-BE9B-4BAC-80BF-4D1FAFA8B5E4}.Release|Any CPU.Build.0 = Release|Any CPU
	EndGlobalSection
	GlobalSection(SolutionProperties) = preSolution
		HideSolutionNode = FALSE
	EndGlobalSection
	GlobalSection(ExtensibilityGlobals) = postSolution
		SolutionGuid = {A7DCDBD5-A95C-4B18-8923-C5A085653AB0}
	EndGlobalSection
EndGlobal
