
Microsoft Visual Studio Solution File, Format Version 12.00
# Visual Studio Version 17
VisualStudioVersion = 17.11.35303.130
MinimumVisualStudioVersion = 10.0.40219.1
Project("{FAE04EC0-301F-11D3-BF4B-00C04F79EFBC}") = "ODataBookStore", "ODataBookStore\ODataBookStore.csproj", "{7BB9F231-3F88-440E-BE7C-DA3B7DE1E9A0}"
EndProject
Project("{FAE04EC0-301F-11D3-BF4B-00C04F79EFBC}") = "ODataBookStoreWebClient", "ODataBookStoreWebClient\ODataBookStoreWebClient.csproj", "{EA50D3F5-21A9-447B-A5B7-84498AE195DA}"
EndProject
Project("{FAE04EC0-301F-11D3-BF4B-00C04F79EFBC}") = "_ODataBookStore", "_ODataBookStore\_ODataBookStore.csproj", "{E1B1D2ED-DC8A-4E6B-AC2C-713E4257C324}"
EndProject
Global
	GlobalSection(SolutionConfigurationPlatforms) = preSolution
		Debug|Any CPU = Debug|Any CPU
		Release|Any CPU = Release|Any CPU
	EndGlobalSection
	GlobalSection(ProjectConfigurationPlatforms) = postSolution
		{7BB9F231-3F88-440E-BE7C-DA3B7DE1E9A0}.Debug|Any CPU.ActiveCfg = Debug|Any CPU
		{7BB9F231-3F88-440E-BE7C-DA3B7DE1E9A0}.Debug|Any CPU.Build.0 = Debug|Any CPU
		{7BB9F231-3F88-440E-BE7C-DA3B7DE1E9A0}.Release|Any CPU.ActiveCfg = Release|Any CPU
		{7BB9F231-3F88-440E-BE7C-DA3B7DE1E9A0}.Release|Any CPU.Build.0 = Release|Any CPU
		{EA50D3F5-21A9-447B-A5B7-84498AE195DA}.Debug|Any CPU.ActiveCfg = Debug|Any CPU
		{EA50D3F5-21A9-447B-A5B7-84498AE195DA}.Debug|Any CPU.Build.0 = Debug|Any CPU
		{EA50D3F5-21A9-447B-A5B7-84498AE195DA}.Release|Any CPU.ActiveCfg = Release|Any CPU
		{EA50D3F5-21A9-447B-A5B7-84498AE195DA}.Release|Any CPU.Build.0 = Release|Any CPU
		{E1B1D2ED-DC8A-4E6B-AC2C-713E4257C324}.Debug|Any CPU.ActiveCfg = Debug|Any CPU
		{E1B1D2ED-DC8A-4E6B-AC2C-713E4257C324}.Debug|Any CPU.Build.0 = Debug|Any CPU
		{E1B1D2ED-DC8A-4E6B-AC2C-713E4257C324}.Release|Any CPU.ActiveCfg = Release|Any CPU
		{E1B1D2ED-DC8A-4E6B-AC2C-713E4257C324}.Release|Any CPU.Build.0 = Release|Any CPU
	EndGlobalSection
	GlobalSection(SolutionProperties) = preSolution
		HideSolutionNode = FALSE
	EndGlobalSection
	GlobalSection(ExtensibilityGlobals) = postSolution
		SolutionGuid = {A7DCDBD5-A95C-4B18-8923-C5A085653AB0}
	EndGlobalSection
EndGlobal
